
Microsoft Visual Studio Solution File, Format Version 12.00
# Visual Studio 2013
VisualStudioVersion = 12.0.30723.0
MinimumVisualStudioVersion = 10.0.40219.1
Project("{8BC9CEB8-8B4A-11D0-8D11-00A0C91BC942}") = "5.1", "5.1.vcxproj", "{543072E0-F31F-48E9-9BF9-C0FD71DDD577}"
EndProject
Global
	GlobalSection(SolutionConfigurationPlatforms) = preSolution
		Debug|Win32 = Debug|Win32
		Release|Win32 = Release|Win32
	EndGlobalSection
	GlobalSection(ProjectConfigurationPlatforms) = postSolution
		{543072E0-F31F-48E9-9BF9-C0FD71DDD577}.Debug|Win32.ActiveCfg = Debug|Win32
		{543072E0-F31F-48E9-9BF9-C0FD71DDD577}.Debug|Win32.Build.0 = Debug|Win32
		{543072E0-F31F-48E9-9BF9-C0FD71DDD577}.Release|Win32.ActiveCfg = Release|Win32
		{543072E0-F31F-48E9-9BF9-C0FD71DDD577}.Release|Win32.Build.0 = Release|Win32
	EndGlobalSection
	GlobalSection(SolutionProperties) = preSolution
		HideSolutionNode = FALSE
	EndGlobalSection
EndGlobal
